
Microsoft Visual Studio Solution File, Format Version 12.00
# Visual Studio Version 17
VisualStudioVersion = 17.8.34525.116
MinimumVisualStudioVersion = 10.0.40219.1
Project("{8BC9CEB8-8B4A-11D0-8D11-00A0C91BC942}") = "тои_самостоятельная", "тои_самостоятельная\тои_самостоятельная.vcxproj", "{F39FBE6E-6972-4BD3-9A55-B9AB924B8FFF}"
EndProject
Global
	GlobalSection(SolutionConfigurationPlatforms) = preSolution
		Debug|x64 = Debug|x64
		Debug|x86 = Debug|x86
		Release|x64 = Release|x64
		Release|x86 = Release|x86
	EndGlobalSection
	GlobalSection(ProjectConfigurationPlatforms) = postSolution
		{F39FBE6E-6972-4BD3-9A55-B9AB924B8FFF}.Debug|x64.ActiveCfg = Debug|x64
		{F39FBE6E-6972-4BD3-9A55-B9AB924B8FFF}.Debug|x64.Build.0 = Debug|x64
		{F39FBE6E-6972-4BD3-9A55-B9AB924B8FFF}.Debug|x86.ActiveCfg = Debug|Win32
		{F39FBE6E-6972-4BD3-9A55-B9AB924B8FFF}.Debug|x86.Build.0 = Debug|Win32
		{F39FBE6E-6972-4BD3-9A55-B9AB924B8FFF}.Release|x64.ActiveCfg = Release|x64
		{F39FBE6E-6972-4BD3-9A55-B9AB924B8FFF}.Release|x64.Build.0 = Release|x64
		{F39FBE6E-6972-4BD3-9A55-B9AB924B8FFF}.Release|x86.ActiveCfg = Release|Win32
		{F39FBE6E-6972-4BD3-9A55-B9AB924B8FFF}.Release|x86.Build.0 = Release|Win32
	EndGlobalSection
	GlobalSection(SolutionProperties) = preSolution
		HideSolutionNode = FALSE
	EndGlobalSection
	GlobalSection(ExtensibilityGlobals) = postSolution
		SolutionGuid = {1EB09C67-967C-4F88-A1A9-7F360DF04DC1}
	EndGlobalSection
EndGlobal
